schema: '2.0'
stages:
  data_preparation:
    cmd: python src/stage_01_prepare_data.py
    deps:
    - path: data/data.xml
      hash: md5
      md5: a304afb96060aad90176268345e10355
      size: 37891850
    - path: src/stage_01_prepare_data.py
      hash: md5
      md5: bad8ac82c6cfeabf55164bd95d881e62
      size: 2282
    - path: src/utils
      hash: md5
      md5: fe626d41e47a2f2a061c28ac75cb229f.dir
      size: 5816
      nfiles: 6
    outs:
    - path: artifacts/prepared
      hash: md5
      md5: dc639257fd7e43c167de7349d66763c4.dir
      size: 23861349
      nfiles: 2
  feature_extraction:
    cmd: python src/stage_02_feature_extraction.py
    deps:
    - path: artifacts/prepared
      hash: md5
      md5: dc639257fd7e43c167de7349d66763c4.dir
      size: 23861349
      nfiles: 2
    - path: src/stage_02_feature_extraction.py
      hash: md5
      md5: e3dbde85e223739a82fd6be1764eba74
      size: 3186
    - path: src/utils
      hash: md5
      md5: fe626d41e47a2f2a061c28ac75cb229f.dir
      size: 5816
      nfiles: 6
    outs:
    - path: artifacts/features
      hash: md5
      md5: a563ea56a4687403e2709810a4e810d9.dir
      size: 12272600
      nfiles: 2
  train:
    cmd: python src/stage_03_train.py
    deps:
    - path: artifacts/features/train.pkl
      hash: md5
      md5: c250a06bdd10afa4d8f99200b728080a
      size: 8558700
    - path: src/stage_03_train.py
      hash: md5
      md5: f3f145dc2f8216d3325a209c6b2d7f6a
      size: 2517
    - path: src/utils
      hash: md5
      md5: fe626d41e47a2f2a061c28ac75cb229f.dir
      size: 5816
      nfiles: 6
    outs:
    - path: artifacts/model/model.pkl
      hash: md5
      md5: 02f316738e3ce70996e1408295deb799
      size: 3466585
  evaluation:
    cmd: python src/stage_04_evaluate.py
    deps:
    - path: artifacts/features/test.pkl
      hash: md5
      md5: f74393418855be060bfa0600c11cdb30
      size: 3713900
    - path: artifacts/model/model.pkl
      hash: md5
      md5: 02f316738e3ce70996e1408295deb799
      size: 3466585
    - path: src/stage_04_evaluate.py
      hash: md5
      md5: 28f27b6a2feb99bec39dae8cf1b48745
      size: 3067
    - path: src/utils
      hash: md5
      md5: fe626d41e47a2f2a061c28ac75cb229f.dir
      size: 5816
      nfiles: 6
    outs:
    - path: prc.json
      hash: md5
      md5: d8e51118e76995d043f792974a771cc2
      size: 141392
    - path: roc.json
      hash: md5
      md5: d893cf92f1b94577d1346353d404ec4a
      size: 134203
    - path: scores.json
      hash: md5
      md5: f4a76d71555bc61d4c4ee0caa091de4d
      size: 82
